PODS:
  - IGColorPicker (0.4.3):
    - M13Checkbox
  - M13Checkbox (3.4.0)
  - Realm (10.1.2):
    - Realm/Headers (= 10.1.2)
  - Realm/Headers (10.1.2)
  - RealmSwift (10.1.2):
    - Realm (= 10.1.2)

DEPENDENCIES:
  - IGColorPicker
  - RealmSwift

SPEC REPOS:
  trunk:
    - IGColorPicker
    - M13Checkbox
    - Realm
    - RealmSwift

SPEC CHECKSUMS:
  IGColorPicker: f6034f8629aa90cce308a76ecc0fdf2afed0bf34
  M13Checkbox: 6f59404540ac98ba83a3d1afac335895a40c6a5d
  Realm: 031fdd4be7094d01b43af1a5e49766ab644bb800
  RealmSwift: 43cf2e114baa9d17d34eb81e7d0def31f21cd444

PODFILE CHECKSUM: 8506542ac5abe093fa445cc550190d93667cbf0a

COCOAPODS: 1.10.0
